
Microsoft Visual Studio Solution File, Format Version 12.00
# Visual Studio Version 17
VisualStudioVersion = 17.4.33213.308
MinimumVisualStudioVersion = 10.0.40219.1
Project("{9A19103F-16F7-4668-BE54-9A1E7A4F7556}") = "final-project", "final-project\final-project.csproj", "{AC256968-516A-4209-8C1F-6AEE3C0C19EB}"
EndProject
Global
	GlobalSection(SolutionConfigurationPlatforms) = preSolution
		Debug|Any CPU = Debug|Any CPU
		Release|Any CPU = Release|Any CPU
	EndGlobalSection
	GlobalSection(ProjectConfigurationPlatforms) = postSolution
		{AC256968-516A-4209-8C1F-6AEE3C0C19EB}.Debug|Any CPU.ActiveCfg = Debug|Any CPU
		{AC256968-516A-4209-8C1F-6AEE3C0C19EB}.Debug|Any CPU.Build.0 = Debug|Any CPU
		{AC256968-516A-4209-8C1F-6AEE3C0C19EB}.Release|Any CPU.ActiveCfg = Release|Any CPU
		{AC256968-516A-4209-8C1F-6AEE3C0C19EB}.Release|Any CPU.Build.0 = Release|Any CPU
	EndGlobalSection
	GlobalSection(SolutionProperties) = preSolution
		HideSolutionNode = FALSE
	EndGlobalSection
	GlobalSection(ExtensibilityGlobals) = postSolution
		SolutionGuid = {2A8ED956-FBFD-4E86-96D6-42CCED003657}
	EndGlobalSection
EndGlobal
